// !$*UTF8*$!
{
	archiveVersion = 1;
	classes = {
	};
	objectVersion = 52;
	objects = {

/* Begin PBXBuildFile section */
		582641C2EF40247C494E67A0 /* Pods_Bopp_Music_Player.framework in Frameworks */ = {isa = PBXBuildFile; fileRef = F430CFD7DAEB00A1F6724920 /* Pods_Bopp_Music_Player.framework */; };
		ED15AF9C266CD2D10023A5C3 /* Bopp_Music_PlayerApp.swift in Sources */ = {isa = PBXBuildFile; fileRef = ED15AF9B266CD2D10023A5C3 /* Bopp_Music_PlayerApp.swift */; };
		ED15AF9E266CD2D10023A5C3 /* ContentView.swift in Sources */ = {isa = PBXBuildFile; fileRef = ED15AF9D266CD2D10023A5C3 /* ContentView.swift */; };
		ED15AFA0266CD2D30023A5C3 /* Assets.xcassets in Resources */ = {isa = PBXBuildFile; fileRef = ED15AF9F266CD2D30023A5C3 /* Assets.xcassets */; };
		ED15AFA3266CD2D30023A5C3 /* Preview Assets.xcassets in Resources */ = {isa = PBXBuildFile; fileRef = ED15AFA2266CD2D30023A5C3 /* Preview Assets.xcassets */; };
		ED15AFB0266CD3660023A5C3 /* MusicPlayerViewModel.swift in Sources */ = {isa = PBXBuildFile; fileRef = ED15AFAF266CD3660023A5C3 /* MusicPlayerViewModel.swift */; };
		ED15AFB4266CD4A30023A5C3 /* landmarkData.json in Resources */ = {isa = PBXBuildFile; fileRef = ED15AFB3266CD4A30023A5C3 /* landmarkData.json */; };
		ED15AFB7266CD4D40023A5C3 /* ModelData.swift in Sources */ = {isa = PBXBuildFile; fileRef = ED15AFB6266CD4D40023A5C3 /* ModelData.swift */; };
		ED15AFB9266CD4E40023A5C3 /* Landmark.swift in Sources */ = {isa = PBXBuildFile; fileRef = ED15AFB8266CD4E40023A5C3 /* Landmark.swift */; };
		ED15AFBB266CD51E0023A5C3 /* Home.swift in Sources */ = {isa = PBXBuildFile; fileRef = ED15AFBA266CD51E0023A5C3 /* Home.swift */; };
		ED15AFBD266CD5930023A5C3 /* MusicListView.swift in Sources */ = {isa = PBXBuildFile; fileRef = ED15AFBC266CD5930023A5C3 /* MusicListView.swift */; };
		ED15AFBF266CD78D0023A5C3 /* LandmarkRow.swift in Sources */ = {isa = PBXBuildFile; fileRef = ED15AFBE266CD78D0023A5C3 /* LandmarkRow.swift */; };
		ED15AFC3266CDBB60023A5C3 /* BlurView.swift in Sources */ = {isa = PBXBuildFile; fileRef = ED15AFC2266CDBB60023A5C3 /* BlurView.swift */; };
		ED15AFC5266CDE430023A5C3 /* VideoPlayerView.swift in Sources */ = {isa = PBXBuildFile; fileRef = ED15AFC4266CDE430023A5C3 /* VideoPlayerView.swift */; };
		ED15AFCC266CE1B90023A5C3 /* Miniplayer.swift in Sources */ = {isa = PBXBuildFile; fileRef = ED15AFCB266CE1B90023A5C3 /* Miniplayer.swift */; };
		ED2862C726C081FA0086DDE3 /* CardView.swift in Sources */ = {isa = PBXBuildFile; fileRef = ED2862C626C081FA0086DDE3 /* CardView.swift */; };
		ED2862C926C088DD0086DDE3 /* MarketCap.swift in Sources */ = {isa = PBXBuildFile; fileRef = ED2862C826C088DD0086DDE3 /* MarketCap.swift */; };
		ED2EC6562673075C00AA0CED /* HapticFeedBack.swift in Sources */ = {isa = PBXBuildFile; fileRef = ED2EC6552673075C00AA0CED /* HapticFeedBack.swift */; };
		ED38B0A5267D9A570024FC7A /* Coming.swift in Sources */ = {isa = PBXBuildFile; fileRef = ED38B0A4267D9A570024FC7A /* Coming.swift */; };
		ED38B0A7267D9D480024FC7A /* Coming.mp4 in Resources */ = {isa = PBXBuildFile; fileRef = ED38B0A6267D9D480024FC7A /* Coming.mp4 */; };
		ED42F05B26B9CCD40084E6D1 /* AlertX in Frameworks */ = {isa = PBXBuildFile; productRef = ED42F05A26B9CCD40084E6D1 /* AlertX */; };
		ED46895226821EE800F8D1E3 /* CachingPlayerItem.swift in Sources */ = {isa = PBXBuildFile; fileRef = ED46895126821EE800F8D1E3 /* CachingPlayerItem.swift */; };
		ED4D2DA426812F33001A456B /* SignInCryptoWallet.swift in Sources */ = {isa = PBXBuildFile; fileRef = ED4D2DA326812F33001A456B /* SignInCryptoWallet.swift */; };
		ED599B31267E385E00AC667E /* Launch Screen.storyboard in Resources */ = {isa = PBXBuildFile; fileRef = ED599B30267E385E00AC667E /* Launch Screen.storyboard */; };
		ED6053FE26BEFC5E00384202 /* WebView.swift in Sources */ = {isa = PBXBuildFile; fileRef = ED6053FD26BEFC5E00384202 /* WebView.swift */; };
		ED60540126BEFD2800384202 /* WKView in Frameworks */ = {isa = PBXBuildFile; productRef = ED60540026BEFD2800384202 /* WKView */; };
		ED6ED20026BC875C007BA432 /* Key.json in Resources */ = {isa = PBXBuildFile; fileRef = ED6ED1FF26BC875C007BA432 /* Key.json */; };
		ED77113D26CE973A00147669 /* GoogleService-Info.plist in Resources */ = {isa = PBXBuildFile; fileRef = ED77113C26CE973A00147669 /* GoogleService-Info.plist */; };
		ED8521C526838EBF003BAE94 /* SearchBar.swift in Sources */ = {isa = PBXBuildFile; fileRef = ED8521C326838EBF003BAE94 /* SearchBar.swift */; };
		ED8521C626838EBF003BAE94 /* ViewControllerResolver.swift in Sources */ = {isa = PBXBuildFile; fileRef = ED8521C426838EBF003BAE94 /* ViewControllerResolver.swift */; };
		ED8521C82684AD40003BAE94 /* Control.swift in Sources */ = {isa = PBXBuildFile; fileRef = ED8521C72684AD40003BAE94 /* Control.swift */; };
		ED9597C5267AE14F004AA17E /* CloudKitTest.swift in Sources */ = {isa = PBXBuildFile; fileRef = ED9597C4267AE14F004AA17E /* CloudKitTest.swift */; };
		EDADD1DD2678E1E70024C6D1 /* CloudKit.framework in Frameworks */ = {isa = PBXBuildFile; fileRef = EDADD1DC2678E1E70024C6D1 /* CloudKit.framework */; };
		EDAEF11926C3FC57001D3C8E /* SwiftUICharts in Frameworks */ = {isa = PBXBuildFile; productRef = EDAEF11826C3FC57001D3C8E /* SwiftUICharts */; };
		EDAEF11E26C43948001D3C8E /* IndicatorPoint.swift in Sources */ = {isa = PBXBuildFile; fileRef = EDAEF11D26C43948001D3C8E /* IndicatorPoint.swift */; };
		EDAEF12026C4396A001D3C8E /* Legend.swift in Sources */ = {isa = PBXBuildFile; fileRef = EDAEF11F26C4396A001D3C8E /* Legend.swift */; };
		EDAEF12226C43997001D3C8E /* Line.swift in Sources */ = {isa = PBXBuildFile; fileRef = EDAEF12126C43997001D3C8E /* Line.swift */; };
		EDAEF12426C439C6001D3C8E /* LineChartView.swift in Sources */ = {isa = PBXBuildFile; fileRef = EDAEF12326C439C6001D3C8E /* LineChartView.swift */; };
		EDAEF12626C439E0001D3C8E /* LineView.swift in Sources */ = {isa = PBXBuildFile; fileRef = EDAEF12526C439E0001D3C8E /* LineView.swift */; };
		EDAEF12826C43A20001D3C8E /* MagnifierRect.swift in Sources */ = {isa = PBXBuildFile; fileRef = EDAEF12726C43A20001D3C8E /* MagnifierRect.swift */; };
		EDAEF12A26C43A3F001D3C8E /* MultiLineChartView.swift in Sources */ = {isa = PBXBuildFile; fileRef = EDAEF12926C43A3F001D3C8E /* MultiLineChartView.swift */; };
		EDAEF12C26C43A97001D3C8E /* Path+QuadCurve.swift in Sources */ = {isa = PBXBuildFile; fileRef = EDAEF12B26C43A97001D3C8E /* Path+QuadCurve.swift */; };
		EDAEF12E26C43AB3001D3C8E /* Helpers.swift in Sources */ = {isa = PBXBuildFile; fileRef = EDAEF12D26C43AB3001D3C8E /* Helpers.swift */; };
		EDAEF13226C459AA001D3C8E /* SettingsView.swift in Sources */ = {isa = PBXBuildFile; fileRef = EDAEF13126C459AA001D3C8E /* SettingsView.swift */; };
		EDB6619526C45C47001722A7 /* SettingsStore.swift in Sources */ = {isa = PBXBuildFile; fileRef = EDB6619426C45C47001722A7 /* SettingsStore.swift */; };
		EDB661AE26C484FD001722A7 /* FuturaPTLight.otf in Resources */ = {isa = PBXBuildFile; fileRef = EDB6619726C484FA001722A7 /* FuturaPTLight.otf */; };
		EDB661AF26C484FD001722A7 /* FuturaPTDemi.otf in Resources */ = {isa = PBXBuildFile; fileRef = EDB6619826C484FA001722A7 /* FuturaPTDemi.otf */; };
		EDB661B026C484FD001722A7 /*  FuturePTBold in Resources */ = {isa = PBXBuildFile; fileRef = EDB6619926C484FA001722A7 /*  FuturePTBold */; };
		EDB661B126C484FD001722A7 /* FuturaPTExtraBoldOblique.otf in Resources */ = {isa = PBXBuildFile; fileRef = EDB6619A26C484FA001722A7 /* FuturaPTExtraBoldOblique.otf */; };
		EDB661B226C484FD001722A7 /* FuturaPTCondBold.otf in Resources */ = {isa = PBXBuildFile; fileRef = EDB6619B26C484FA001722A7 /* FuturaPTCondBold.otf */; };
		EDB661B326C484FD001722A7 /* FuturaPTCondMediumOblique.otf in Resources */ = {isa = PBXBuildFile; fileRef = EDB6619C26C484FB001722A7 /* FuturaPTCondMediumOblique.otf */; };
		EDB661B426C484FD001722A7 /* FuturaPTCondBookOblique.otf in Resources */ = {isa = PBXBuildFile; fileRef = EDB6619D26C484FB001722A7 /* FuturaPTCondBookOblique.otf */; };
		EDB661B526C484FD001722A7 /* FuturaPTBook.otf in Resources */ = {isa = PBXBuildFile; fileRef = EDB6619E26C484FB001722A7 /* FuturaPTBook.otf */; };
		EDB661B626C484FD001722A7 /* FuturaPTDemiOblique.otf in Resources */ = {isa = PBXBuildFile; fileRef = EDB6619F26C484FB001722A7 /* FuturaPTDemiOblique.otf */; };
		EDB661B726C484FD001722A7 /* FuturaPTExtraBold.otf in Resources */ = {isa = PBXBuildFile; fileRef = EDB661A026C484FB001722A7 /* FuturaPTExtraBold.otf */; };
		EDB661B826C484FD001722A7 /* FuturaPTBoldOblique.otf in Resources */ = {isa = PBXBuildFile; fileRef = EDB661A126C484FB001722A7 /* FuturaPTBoldOblique.otf */; };
		EDB661B926C484FD001722A7 /* FuturaPTBookOblique.otf in Resources */ = {isa = PBXBuildFile; fileRef = EDB661A226C484FC001722A7 /* FuturaPTBookOblique.otf */; };
		EDB661BA26C484FD001722A7 /* FuturaPTCondBoldOblique.otf in Resources */ = {isa = PBXBuildFile; fileRef = EDB661A326C484FC001722A7 /* FuturaPTCondBoldOblique.otf */; };
		EDB661BB26C484FD001722A7 /* FuturaPTHeavy.otf in Resources */ = {isa = PBXBuildFile; fileRef = EDB661A426C484FC001722A7 /* FuturaPTHeavy.otf */; };
		EDB661BC26C484FD001722A7 /* FuturaPTHeavyOblique.otf in Resources */ = {isa = PBXBuildFile; fileRef = EDB661A526C484FC001722A7 /* FuturaPTHeavyOblique.otf */; };
		EDB661BD26C484FD001722A7 /* FuturaPTMedium.otf in Resources */ = {isa = PBXBuildFile; fileRef = EDB661A626C484FC001722A7 /* FuturaPTMedium.otf */; };
		EDB661BE26C484FD001722A7 /* FuturaPTCondBook.otf in Resources */ = {isa = PBXBuildFile; fileRef = EDB661A726C484FC001722A7 /* FuturaPTCondBook.otf */; };
		EDB661BF26C484FD001722A7 /* fontsme.com.url in Resources */ = {isa = PBXBuildFile; fileRef = EDB661A826C484FC001722A7 /* fontsme.com.url */; };
		EDB661C026C484FD001722A7 /* FuturaPTLightOblique.otf in Resources */ = {isa = PBXBuildFile; fileRef = EDB661A926C484FD001722A7 /* FuturaPTLightOblique.otf */; };
		EDB661C126C484FD001722A7 /* FuturaPTCondExtraBoldOblique.otf in Resources */ = {isa = PBXBuildFile; fileRef = EDB661AA26C484FD001722A7 /* FuturaPTCondExtraBoldOblique.otf */; };
		EDB661C226C484FD001722A7 /* FuturaPTCondMedium.otf in Resources */ = {isa = PBXBuildFile; fileRef = EDB661AB26C484FD001722A7 /* FuturaPTCondMedium.otf */; };
		EDB661C326C484FD001722A7 /* FuturaPTMediumOblique.otf in Resources */ = {isa = PBXBuildFile; fileRef = EDB661AC26C484FD001722A7 /* FuturaPTMediumOblique.otf */; };
		EDB661C426C484FD001722A7 /* FuturaPTCondExtraBold.otf in Resources */ = {isa = PBXBuildFile; fileRef = EDB661AD26C484FD001722A7 /* FuturaPTCondExtraBold.otf */; };
		EDB661C726C57124001722A7 /* NetworkManager.swift in Sources */ = {isa = PBXBuildFile; fileRef = EDB661C626C57124001722A7 /* NetworkManager.swift */; };
		EDB661C926C5B125001722A7 /* CardViewed.swift in Sources */ = {isa = PBXBuildFile; fileRef = EDB661C826C5B125001722A7 /* CardViewed.swift */; };
		EDB661CC26C5B8A5001722A7 /* Shiny in Frameworks */ = {isa = PBXBuildFile; productRef = EDB661CB26C5B8A5001722A7 /* Shiny */; };
		EDBF70E42671818A00CF2D97 /* TabBar.swift in Sources */ = {isa = PBXBuildFile; fileRef = EDBF70E32671818A00CF2D97 /* TabBar.swift */; };
		EDBF70ED267186BA00CF2D97 /* ViewExtensions.swift in Sources */ = {isa = PBXBuildFile; fileRef = EDBF70E6267186BA00CF2D97 /* ViewExtensions.swift */; };
		EDBF70EE267186BA00CF2D97 /* UIKitIntrospectionViewController.swift in Sources */ = {isa = PBXBuildFile; fileRef = EDBF70E7267186BA00CF2D97 /* UIKitIntrospectionViewController.swift */; };
		EDBF70EF267186BA00CF2D97 /* AppKitIntrospectionView.swift in Sources */ = {isa = PBXBuildFile; fileRef = EDBF70E8267186BA00CF2D97 /* AppKitIntrospectionView.swift */; };
		EDBF70F0267186BA00CF2D97 /* UIKitIntrospectionView.swift in Sources */ = {isa = PBXBuildFile; fileRef = EDBF70EA267186BA00CF2D97 /* UIKitIntrospectionView.swift */; };
		EDBF70F2267186BA00CF2D97 /* Introspect.swift in Sources */ = {isa = PBXBuildFile; fileRef = EDBF70EC267186BA00CF2D97 /* Introspect.swift */; };
		EDBF70F4267247F300CF2D97 /* AirPlayView.swift in Sources */ = {isa = PBXBuildFile; fileRef = EDBF70F3267247F200CF2D97 /* AirPlayView.swift */; };
		EDD8293926B962AB00F74794 /* GenerateWallet.swift in Sources */ = {isa = PBXBuildFile; fileRef = EDD8293826B962AB00F74794 /* GenerateWallet.swift */; };
		EDDD6E80266EBAFB000F9DA5 /* AudioSetup.swift in Sources */ = {isa = PBXBuildFile; fileRef = EDDD6E7F266EBAFB000F9DA5 /* AudioSetup.swift */; };
		EDDF0FC6267FA80B00AF7C97 /* LoginViewModel.swift in Sources */ = {isa = PBXBuildFile; fileRef = EDDF0FC5267FA80B00AF7C97 /* LoginViewModel.swift */; };
		EDDF0FC8267FA83400AF7C97 /* Login.swift in Sources */ = {isa = PBXBuildFile; fileRef = EDDF0FC7267FA83400AF7C97 /* Login.swift */; };
		EDDF0FCA267FAA7F00AF7C97 /* Logout.swift in Sources */ = {isa = PBXBuildFile; fileRef = EDDF0FC9267FAA7F00AF7C97 /* Logout.swift */; };
		EDDF0FCC267FD3C300AF7C97 /* ControlCenter.swift in Sources */ = {isa = PBXBuildFile; fileRef = EDDF0FCB267FD3C300AF7C97 /* ControlCenter.swift */; };
		EDED47B326C0CBD5003DB2B6 /* WalletView.swift in Sources */ = {isa = PBXBuildFile; fileRef = EDED47B226C0CBD5003DB2B6 /* WalletView.swift */; };
/* End PBXBuildFile section */

/* Begin PBXFileReference section */
		21C8385D7B7FFC75B7360D15 /* Pods-Bopp Music Player.debug.xcconfig */ = {isa = PBXFileReference; includeInIndex = 1; lastKnownFileType = text.xcconfig; name = "Pods-Bopp Music Player.debug.xcconfig"; path = "Target Support Files/Pods-Bopp Music Player/Pods-Bopp Music Player.debug.xcconfig"; sourceTree = "<group>"; };
		6262C620EF1B4BDE22A153BB /* Pods-Bopp Music Player.release.xcconfig */ = {isa = PBXFileReference; includeInIndex = 1; lastKnownFileType = text.xcconfig; name = "Pods-Bopp Music Player.release.xcconfig"; path = "Target Support Files/Pods-Bopp Music Player/Pods-Bopp Music Player.release.xcconfig"; sourceTree = "<group>"; };
		ED15AF98266CD2D10023A5C3 /* Bopp Music Player.app */ = {isa = PBXFileReference; explicitFileType = wrapper.application; includeInIndex = 0; path = "Bopp Music Player.app"; sourceTree = BUILT_PRODUCTS_DIR; };
		ED15AF9B266CD2D10023A5C3 /* Bopp_Music_PlayerApp.swift */ = {isa = PBXFileReference; lastKnownFileType = sourcecode.swift; path = Bopp_Music_PlayerApp.swift; sourceTree = "<group>"; };
		ED15AF9D266CD2D10023A5C3 /* ContentView.swift */ = {isa = PBXFileReference; lastKnownFileType = sourcecode.swift; path = ContentView.swift; sourceTree = "<group>"; };
		ED15AF9F266CD2D30023A5C3 /* Assets.xcassets */ = {isa = PBXFileReference; lastKnownFileType = folder.assetcatalog; path = Assets.xcassets; sourceTree = "<group>"; };
		ED15AFA2266CD2D30023A5C3 /* Preview Assets.xcassets */ = {isa = PBXFileReference; lastKnownFileType = folder.assetcatalog; path = "Preview Assets.xcassets"; sourceTree = "<group>"; };
		ED15AFA4266CD2D30023A5C3 /* Info.plist */ = {isa = PBXFileReference; lastKnownFileType = text.plist.xml; path = Info.plist; sourceTree = "<group>"; };
		ED15AFAF266CD3660023A5C3 /* MusicPlayerViewModel.swift */ = {isa = PBXFileReference; lastKnownFileType = sourcecode.swift; path = MusicPlayerViewModel.swift; sourceTree = "<group>"; };
		ED15AFB3266CD4A30023A5C3 /* landmarkData.json */ = {isa = PBXFileReference; fileEncoding = 4; lastKnownFileType = text.json; path = landmarkData.json; sourceTree = "<group>"; };
		ED15AFB6266CD4D40023A5C3 /* ModelData.swift */ = {isa = PBXFileReference; fileEncoding = 4; lastKnownFileType = sourcecode.swift; path = ModelData.swift; sourceTree = "<group>"; };
		ED15AFB8266CD4E40023A5C3 /* Landmark.swift */ = {isa = PBXFileReference; fileEncoding = 4; lastKnownFileType = sourcecode.swift; path = Landmark.swift; sourceTree = "<group>"; };
		ED15AFBA266CD51E0023A5C3 /* Home.swift */ = {isa = PBXFileReference; lastKnownFileType = sourcecode.swift; path = Home.swift; sourceTree = "<group>"; };
		ED15AFBC266CD5930023A5C3 /* MusicListView.swift */ = {isa = PBXFileReference; lastKnownFileType = sourcecode.swift; path = MusicListView.swift; sourceTree = "<group>"; };
		ED15AFBE266CD78D0023A5C3 /* LandmarkRow.swift */ = {isa = PBXFileReference; fileEncoding = 4; lastKnownFileType = sourcecode.swift; path = LandmarkRow.swift; sourceTree = "<group>"; };
		ED15AFC2266CDBB60023A5C3 /* BlurView.swift */ = {isa = PBXFileReference; fileEncoding = 4; lastKnownFileType = sourcecode.swift; path = BlurView.swift; sourceTree = "<group>"; };
		ED15AFC4266CDE430023A5C3 /* VideoPlayerView.swift */ = {isa = PBXFileReference; fileEncoding = 4; lastKnownFileType = sourcecode.swift; path = VideoPlayerView.swift; sourceTree = "<group>"; };
		ED15AFCB266CE1B90023A5C3 /* Miniplayer.swift */ = {isa = PBXFileReference; fileEncoding = 4; lastKnownFileType = sourcecode.swift; name = Miniplayer.swift; path = "Bopp Music Player/View Model/Miniplayer.swift"; sourceTree = SOURCE_ROOT; };
		ED2862C626C081FA0086DDE3 /* CardView.swift */ = {isa = PBXFileReference; lastKnownFileType = sourcecode.swift; path = CardView.swift; sourceTree = "<group>"; };
		ED2862C826C088DD0086DDE3 /* MarketCap.swift */ = {isa = PBXFileReference; lastKnownFileType = sourcecode.swift; path = MarketCap.swift; sourceTree = "<group>"; };
		ED2EC6552673075C00AA0CED /* HapticFeedBack.swift */ = {isa = PBXFileReference; lastKnownFileType = sourcecode.swift; path = HapticFeedBack.swift; sourceTree = "<group>"; };
		ED38B0A4267D9A570024FC7A /* Coming.swift */ = {isa = PBXFileReference; lastKnownFileType = sourcecode.swift; path = Coming.swift; sourceTree = "<group>"; };
		ED38B0A6267D9D480024FC7A /* Coming.mp4 */ = {isa = PBXFileReference; lastKnownFileType = file; path = Coming.mp4; sourceTree = "<group>"; };
		ED46895126821EE800F8D1E3 /* CachingPlayerItem.swift */ = {isa = PBXFileReference; fileEncoding = 4; lastKnownFileType = sourcecode.swift; path = CachingPlayerItem.swift; sourceTree = "<group>"; };
		ED4D2DA326812F33001A456B /* SignInCryptoWallet.swift */ = {isa = PBXFileReference; lastKnownFileType = sourcecode.swift; path = SignInCryptoWallet.swift; sourceTree = "<group>"; };
		ED599B30267E385E00AC667E /* Launch Screen.storyboard */ = {isa = PBXFileReference; lastKnownFileType = file.storyboard; path = "Launch Screen.storyboard"; sourceTree = "<group>"; };
		ED6053FD26BEFC5E00384202 /* WebView.swift */ = {isa = PBXFileReference; lastKnownFileType = sourcecode.swift; path = WebView.swift; sourceTree = "<group>"; };
		ED6ED1FF26BC875C007BA432 /* Key.json */ = {isa = PBXFileReference; lastKnownFileType = text.json; path = Key.json; sourceTree = "<group>"; };
		ED77113C26CE973A00147669 /* GoogleService-Info.plist */ = {isa = PBXFileReference; fileEncoding = 4; lastKnownFileType = text.plist.xml; path = "GoogleService-Info.plist"; sourceTree = "<group>"; };
		ED8521C326838EBF003BAE94 /* SearchBar.swift */ = {isa = PBXFileReference; fileEncoding = 4; lastKnownFileType = sourcecode.swift; path = SearchBar.swift; sourceTree = "<group>"; };
		ED8521C426838EBF003BAE94 /* ViewControllerResolver.swift */ = {isa = PBXFileReference; fileEncoding = 4; lastKnownFileType = sourcecode.swift; path = ViewControllerResolver.swift; sourceTree = "<group>"; };
		ED8521C72684AD40003BAE94 /* Control.swift */ = {isa = PBXFileReference; lastKnownFileType = sourcecode.swift; path = Control.swift; sourceTree = "<group>"; };
		ED95978D2679173D004AA17E /* PackageFolder */ = {isa = PBXFileReference; lastKnownFileType = folder; name = PackageFolder; path = "Bopp Music Player/PackageFolder"; sourceTree = "<group>"; };
		ED9597C4267AE14F004AA17E /* CloudKitTest.swift */ = {isa = PBXFileReference; lastKnownFileType = sourcecode.swift; path = CloudKitTest.swift; sourceTree = "<group>"; };
		EDADD1DA2678E1540024C6D1 /* Bopp Music Player.entitlements */ = {isa = PBXFileReference; lastKnownFileType = text.plist.entitlements; path = "Bopp Music Player.entitlements"; sourceTree = "<group>"; };
		EDADD1DC2678E1E70024C6D1 /* CloudKit.framework */ = {isa = PBXFileReference; lastKnownFileType = wrapper.framework; name = CloudKit.framework; path = System/Library/Frameworks/CloudKit.framework; sourceTree = SDKROOT; };
		EDAEF11D26C43948001D3C8E /* IndicatorPoint.swift */ = {isa = PBXFileReference; lastKnownFileType = sourcecode.swift; path = IndicatorPoint.swift; sourceTree = "<group>"; };
		EDAEF11F26C4396A001D3C8E /* Legend.swift */ = {isa = PBXFileReference; lastKnownFileType = sourcecode.swift; path = Legend.swift; sourceTree = "<group>"; };
		EDAEF12126C43997001D3C8E /* Line.swift */ = {isa = PBXFileReference; lastKnownFileType = sourcecode.swift; path = Line.swift; sourceTree = "<group>"; };
		EDAEF12326C439C6001D3C8E /* LineChartView.swift */ = {isa = PBXFileReference; lastKnownFileType = sourcecode.swift; path = LineChartView.swift; sourceTree = "<group>"; };
		EDAEF12526C439E0001D3C8E /* LineView.swift */ = {isa = PBXFileReference; lastKnownFileType = sourcecode.swift; path = LineView.swift; sourceTree = "<group>"; };
		EDAEF12726C43A20001D3C8E /* MagnifierRect.swift */ = {isa = PBXFileReference; lastKnownFileType = sourcecode.swift; path = MagnifierRect.swift; sourceTree = "<group>"; };
		EDAEF12926C43A3F001D3C8E /* MultiLineChartView.swift */ = {isa = PBXFileReference; lastKnownFileType = sourcecode.swift; path = MultiLineChartView.swift; sourceTree = "<group>"; };
		EDAEF12B26C43A97001D3C8E /* Path+QuadCurve.swift */ = {isa = PBXFileReference; lastKnownFileType = sourcecode.swift; path = "Path+QuadCurve.swift"; sourceTree = "<group>"; };
		EDAEF12D26C43AB3001D3C8E /* Helpers.swift */ = {isa = PBXFileReference; lastKnownFileType = sourcecode.swift; path = Helpers.swift; sourceTree = "<group>"; };
		EDAEF13126C459AA001D3C8E /* SettingsView.swift */ = {isa = PBXFileReference; lastKnownFileType = sourcecode.swift; path = SettingsView.swift; sourceTree = "<group>"; };
		EDB6619426C45C47001722A7 /* SettingsStore.swift */ = {isa = PBXFileReference; lastKnownFileType = sourcecode.swift; path = SettingsStore.swift; sourceTree = "<group>"; };
		EDB6619726C484FA001722A7 /* FuturaPTLight.otf */ = {isa = PBXFileReference; lastKnownFileType = file; path = FuturaPTLight.otf; sourceTree = "<group>"; };
		EDB6619826C484FA001722A7 /* FuturaPTDemi.otf */ = {isa = PBXFileReference; lastKnownFileType = file; path = FuturaPTDemi.otf; sourceTree = "<group>"; };
		EDB6619926C484FA001722A7 /*  FuturePTBold */ = {isa = PBXFileReference; lastKnownFileType = file; path = " FuturePTBold"; sourceTree = "<group>"; };
		EDB6619A26C484FA001722A7 /* FuturaPTExtraBoldOblique.otf */ = {isa = PBXFileReference; lastKnownFileType = file; path = FuturaPTExtraBoldOblique.otf; sourceTree = "<group>"; };
		EDB6619B26C484FA001722A7 /* FuturaPTCondBold.otf */ = {isa = PBXFileReference; lastKnownFileType = file; path = FuturaPTCondBold.otf; sourceTree = "<group>"; };
		EDB6619C26C484FB001722A7 /* FuturaPTCondMediumOblique.otf */ = {isa = PBXFileReference; lastKnownFileType = file; path = FuturaPTCondMediumOblique.otf; sourceTree = "<group>"; };
		EDB6619D26C484FB001722A7 /* FuturaPTCondBookOblique.otf */ = {isa = PBXFileReference; lastKnownFileType = file; path = FuturaPTCondBookOblique.otf; sourceTree = "<group>"; };
		EDB6619E26C484FB001722A7 /* FuturaPTBook.otf */ = {isa = PBXFileReference; lastKnownFileType = file; path = FuturaPTBook.otf; sourceTree = "<group>"; };
		EDB6619F26C484FB001722A7 /* FuturaPTDemiOblique.otf */ = {isa = PBXFileReference; lastKnownFileType = file; path = FuturaPTDemiOblique.otf; sourceTree = "<group>"; };
		EDB661A026C484FB001722A7 /* FuturaPTExtraBold.otf */ = {isa = PBXFileReference; lastKnownFileType = file; path = FuturaPTExtraBold.otf; sourceTree = "<group>"; };
		EDB661A126C484FB001722A7 /* FuturaPTBoldOblique.otf */ = {isa = PBXFileReference; lastKnownFileType = file; path = FuturaPTBoldOblique.otf; sourceTree = "<group>"; };
		EDB661A226C484FC001722A7 /* FuturaPTBookOblique.otf */ = {isa = PBXFileReference; lastKnownFileType = file; path = FuturaPTBookOblique.otf; sourceTree = "<group>"; };
		EDB661A326C484FC001722A7 /* FuturaPTCondBoldOblique.otf */ = {isa = PBXFileReference; lastKnownFileType = file; path = FuturaPTCondBoldOblique.otf; sourceTree = "<group>"; };
		EDB661A426C484FC001722A7 /* FuturaPTHeavy.otf */ = {isa = PBXFileReference; lastKnownFileType = file; path = FuturaPTHeavy.otf; sourceTree = "<group>"; };
		EDB661A526C484FC001722A7 /* FuturaPTHeavyOblique.otf */ = {isa = PBXFileReference; lastKnownFileType = file; path = FuturaPTHeavyOblique.otf; sourceTree = "<group>"; };
		EDB661A626C484FC001722A7 /* FuturaPTMedium.otf */ = {isa = PBXFileReference; lastKnownFileType = file; path = FuturaPTMedium.otf; sourceTree = "<group>"; };
		EDB661A726C484FC001722A7 /* FuturaPTCondBook.otf */ = {isa = PBXFileReference; lastKnownFileType = file; path = FuturaPTCondBook.otf; sourceTree = "<group>"; };
		EDB661A826C484FC001722A7 /* fontsme.com.url */ = {isa = PBXFileReference; fileEncoding = 4; lastKnownFileType = text; path = fontsme.com.url; sourceTree = "<group>"; };
		EDB661A926C484FD001722A7 /* FuturaPTLightOblique.otf */ = {isa = PBXFileReference; lastKnownFileType = file; path = FuturaPTLightOblique.otf; sourceTree = "<group>"; };
		EDB661AA26C484FD001722A7 /* FuturaPTCondExtraBoldOblique.otf */ = {isa = PBXFileReference; lastKnownFileType = file; path = FuturaPTCondExtraBoldOblique.otf; sourceTree = "<group>"; };
		EDB661AB26C484FD001722A7 /* FuturaPTCondMedium.otf */ = {isa = PBXFileReference; lastKnownFileType = file; path = FuturaPTCondMedium.otf; sourceTree = "<group>"; };
		EDB661AC26C484FD001722A7 /* FuturaPTMediumOblique.otf */ = {isa = PBXFileReference; lastKnownFileType = file; path = FuturaPTMediumOblique.otf; sourceTree = "<group>"; };
		EDB661AD26C484FD001722A7 /* FuturaPTCondExtraBold.otf */ = {isa = PBXFileReference; lastKnownFileType = file; path = FuturaPTCondExtraBold.otf; sourceTree = "<group>"; };
		EDB661C626C57124001722A7 /* NetworkManager.swift */ = {isa = PBXFileReference; lastKnownFileType = sourcecode.swift; path = NetworkManager.swift; sourceTree = "<group>"; };
		EDB661C826C5B125001722A7 /* CardViewed.swift */ = {isa = PBXFileReference; lastKnownFileType = sourcecode.swift; path = CardViewed.swift; sourceTree = "<group>"; };
		EDBF70E32671818A00CF2D97 /* TabBar.swift */ = {isa = PBXFileReference; fileEncoding = 4; lastKnownFileType = sourcecode.swift; path = TabBar.swift; sourceTree = "<group>"; };
		EDBF70E6267186BA00CF2D97 /* ViewExtensions.swift */ = {isa = PBXFileReference; fileEncoding = 4; lastKnownFileType = sourcecode.swift; path = ViewExtensions.swift; sourceTree = "<group>"; };
		EDBF70E7267186BA00CF2D97 /* UIKitIntrospectionViewController.swift */ = {isa = PBXFileReference; fileEncoding = 4; lastKnownFileType = sourcecode.swift; path = UIKitIntrospectionViewController.swift; sourceTree = "<group>"; };
		EDBF70E8267186BA00CF2D97 /* AppKitIntrospectionView.swift */ = {isa = PBXFileReference; fileEncoding = 4; lastKnownFileType = sourcecode.swift; path = AppKitIntrospectionView.swift; sourceTree = "<group>"; };
		EDBF70E9267186BA00CF2D97 /* Introspect.h */ = {isa = PBXFileReference; fileEncoding = 4; lastKnownFileType = sourcecode.c.h; path = Introspect.h; sourceTree = "<group>"; };
		EDBF70EA267186BA00CF2D97 /* UIKitIntrospectionView.swift */ = {isa = PBXFileReference; fileEncoding = 4; lastKnownFileType = sourcecode.swift; path = UIKitIntrospectionView.swift; sourceTree = "<group>"; };
		EDBF70EC267186BA00CF2D97 /* Introspect.swift */ = {isa = PBXFileReference; fileEncoding = 4; lastKnownFileType = sourcecode.swift; path = Introspect.swift; sourceTree = "<group>"; };
		EDBF70F3267247F200CF2D97 /* AirPlayView.swift */ = {isa = PBXFileReference; lastKnownFileType = sourcecode.swift; path = AirPlayView.swift; sourceTree = "<group>"; };
		EDD8293826B962AB00F74794 /* GenerateWallet.swift */ = {isa = PBXFileReference; lastKnownFileType = sourcecode.swift; path = GenerateWallet.swift; sourceTree = "<group>"; };
		EDDD6E7F266EBAFB000F9DA5 /* AudioSetup.swift */ = {isa = PBXFileReference; lastKnownFileType = sourcecode.swift; path = AudioSetup.swift; sourceTree = "<group>"; };
		EDDF0FC5267FA80B00AF7C97 /* LoginViewModel.swift */ = {isa = PBXFileReference; fileEncoding = 4; lastKnownFileType = sourcecode.swift; path = LoginViewModel.swift; sourceTree = "<group>"; };
		EDDF0FC7267FA83400AF7C97 /* Login.swift */ = {isa = PBXFileReference; fileEncoding = 4; lastKnownFileType = sourcecode.swift; path = Login.swift; sourceTree = "<group>"; };
		EDDF0FC9267FAA7F00AF7C97 /* Logout.swift */ = {isa = PBXFileReference; lastKnownFileType = sourcecode.swift; path = Logout.swift; sourceTree = "<group>"; };
		EDDF0FCB267FD3C300AF7C97 /* ControlCenter.swift */ = {isa = PBXFileReference; lastKnownFileType = sourcecode.swift; path = ControlCenter.swift; sourceTree = "<group>"; };
		EDED47B226C0CBD5003DB2B6 /* WalletView.swift */ = {isa = PBXFileReference; lastKnownFileType = sourcecode.swift; path = WalletView.swift; sourceTree = "<group>"; };
		F430CFD7DAEB00A1F6724920 /* Pods_Bopp_Music_Player.framework */ = {isa = PBXFileReference; explicitFileType = wrapper.framework; includeInIndex = 0; path = Pods_Bopp_Music_Player.framework; sourceTree = BUILT_PRODUCTS_DIR; };
/* End PBXFileReference section */

/* Begin PBXFrameworksBuildPhase section */
		ED15AF95266CD2D10023A5C3 /* Frameworks */ = {
			isa = PBXFrameworksBuildPhase;
			buildActionMask = 2147483647;
			files = (
				EDB661CC26C5B8A5001722A7 /* Shiny in Frameworks */,
				EDADD1DD2678E1E70024C6D1 /* CloudKit.framework in Frameworks */,
				582641C2EF40247C494E67A0 /* Pods_Bopp_Music_Player.framework in Frameworks */,
				ED42F05B26B9CCD40084E6D1 /* AlertX in Frameworks */,
				ED60540126BEFD2800384202 /* WKView in Frameworks */,
				EDAEF11926C3FC57001D3C8E /* SwiftUICharts in Frameworks */,
			);
			runOnlyForDeploymentPostprocessing = 0;
		};
/* End PBXFrameworksBuildPhase section */

/* Begin PBXGroup section */
		40A010B1F821F770CEEF82E2 /* Pods */ = {
			isa = PBXGroup;
			children = (
				21C8385D7B7FFC75B7360D15 /* Pods-Bopp Music Player.debug.xcconfig */,
				6262C620EF1B4BDE22A153BB /* Pods-Bopp Music Player.release.xcconfig */,
			);
			path = Pods;
			sourceTree = "<group>";
		};
		ED15AF8F266CD2D10023A5C3 = {
			isa = PBXGroup;
			children = (
				ED95978D2679173D004AA17E /* PackageFolder */,
				ED15AF9A266CD2D10023A5C3 /* Bopp Music Player */,
				ED15AF99266CD2D10023A5C3 /* Products */,
				40A010B1F821F770CEEF82E2 /* Pods */,
				EDADD1DB2678E1E70024C6D1 /* Frameworks */,
			);
			sourceTree = "<group>";
		};
		ED15AF99266CD2D10023A5C3 /* Products */ = {
			isa = PBXGroup;
			children = (
				ED15AF98266CD2D10023A5C3 /* Bopp Music Player.app */,
			);
			name = Products;
			sourceTree = "<group>";
		};
		ED15AF9A266CD2D10023A5C3 /* Bopp Music Player */ = {
			isa = PBXGroup;
			children = (
				ED77113C26CE973A00147669 /* GoogleService-Info.plist */,
				EDB661C526C5710E001722A7 /* Network */,
				EDB6619626C484CC001722A7 /* CustomFont */,
				EDAEF11C26C43927001D3C8E /* Charts */,
				EDADD1DA2678E1540024C6D1 /* Bopp Music Player.entitlements */,
				EDBF70E5267186BA00CF2D97 /* Introspect */,
				ED15AFD3266D17770023A5C3 /* Files */,
				ED15AFB2266CD4A30023A5C3 /* Resources */,
				ED15AFAA266CD2E90023A5C3 /* View Model */,
				ED15AFB5266CD4BF0023A5C3 /* Model */,
				ED2EC6542673073300AA0CED /* Haptic */,
				ED15AFB1266CD46C0023A5C3 /* View */,
				ED15AF9B266CD2D10023A5C3 /* Bopp_Music_PlayerApp.swift */,
				ED15AF9D266CD2D10023A5C3 /* ContentView.swift */,
				ED15AF9F266CD2D30023A5C3 /* Assets.xcassets */,
				ED15AFA4266CD2D30023A5C3 /* Info.plist */,
				ED15AFA1266CD2D30023A5C3 /* Preview Content */,
			);
			path = "Bopp Music Player";
			sourceTree = "<group>";
		};
		ED15AFA1266CD2D30023A5C3 /* Preview Content */ = {
			isa = PBXGroup;
			children = (
				ED15AFA2266CD2D30023A5C3 /* Preview Assets.xcassets */,
			);
			path = "Preview Content";
			sourceTree = "<group>";
		};
		ED15AFAA266CD2E90023A5C3 /* View Model */ = {
			isa = PBXGroup;
			children = (
				ED2862C826C088DD0086DDE3 /* MarketCap.swift */,
				ED8521C326838EBF003BAE94 /* SearchBar.swift */,
				ED8521C426838EBF003BAE94 /* ViewControllerResolver.swift */,
				EDDF0FC5267FA80B00AF7C97 /* LoginViewModel.swift */,
				ED6053FD26BEFC5E00384202 /* WebView.swift */,
				EDB6619426C45C47001722A7 /* SettingsStore.swift */,
			);
			path = "View Model";
			sourceTree = "<group>";
		};
		ED15AFB1266CD46C0023A5C3 /* View */ = {
			isa = PBXGroup;
			children = (
				ED599B30267E385E00AC667E /* Launch Screen.storyboard */,
				ED15AFCB266CE1B90023A5C3 /* Miniplayer.swift */,
				ED2862C626C081FA0086DDE3 /* CardView.swift */,
				ED15AFBA266CD51E0023A5C3 /* Home.swift */,
				EDBF70E32671818A00CF2D97 /* TabBar.swift */,
				EDB661C826C5B125001722A7 /* CardViewed.swift */,
				EDAEF13126C459AA001D3C8E /* SettingsView.swift */,
				ED4D2DA326812F33001A456B /* SignInCryptoWallet.swift */,
				EDED47B226C0CBD5003DB2B6 /* WalletView.swift */,
				ED15AFBE266CD78D0023A5C3 /* LandmarkRow.swift */,
				EDDF0FC9267FAA7F00AF7C97 /* Logout.swift */,
				EDDF0FC7267FA83400AF7C97 /* Login.swift */,
				ED38B0A4267D9A570024FC7A /* Coming.swift */,
				ED15AFBC266CD5930023A5C3 /* MusicListView.swift */,
				ED9597C4267AE14F004AA17E /* CloudKitTest.swift */,
				ED15AFC2266CDBB60023A5C3 /* BlurView.swift */,
				ED15AFC4266CDE430023A5C3 /* VideoPlayerView.swift */,
			);
			path = View;
			sourceTree = "<group>";
		};
		ED15AFB2266CD4A30023A5C3 /* Resources */ = {
			isa = PBXGroup;
			children = (
				ED15AFB3266CD4A30023A5C3 /* landmarkData.json */,
			);
			path = Resources;
			sourceTree = "<group>";
		};
		ED15AFB5266CD4BF0023A5C3 /* Model */ = {
			isa = PBXGroup;
			children = (
				ED15AFAF266CD3660023A5C3 /* MusicPlayerViewModel.swift */,
				ED15AFB8266CD4E40023A5C3 /* Landmark.swift */,
				EDD8293826B962AB00F74794 /* GenerateWallet.swift */,
				ED46895126821EE800F8D1E3 /* CachingPlayerItem.swift */,
				ED15AFB6266CD4D40023A5C3 /* ModelData.swift */,
				EDBF70F3267247F200CF2D97 /* AirPlayView.swift */,
				ED8521C72684AD40003BAE94 /* Control.swift */,
				EDDF0FCB267FD3C300AF7C97 /* ControlCenter.swift */,
				EDDD6E7F266EBAFB000F9DA5 /* AudioSetup.swift */,
				ED6ED1FF26BC875C007BA432 /* Key.json */,
			);
			path = Model;
			sourceTree = "<group>";
		};
		ED15AFD3266D17770023A5C3 /* Files */ = {
			isa = PBXGroup;
			children = (
				ED38B0A6267D9D480024FC7A /* Coming.mp4 */,
			);
			path = Files;
			sourceTree = "<group>";
		};
		ED2EC6542673073300AA0CED /* Haptic */ = {
			isa = PBXGroup;
			children = (
				ED2EC6552673075C00AA0CED /* HapticFeedBack.swift */,
			);
			path = Haptic;
			sourceTree = "<group>";
		};
		EDADD1DB2678E1E70024C6D1 /* Frameworks */ = {
			isa = PBXGroup;
			children = (
				EDADD1DC2678E1E70024C6D1 /* CloudKit.framework */,
				F430CFD7DAEB00A1F6724920 /* Pods_Bopp_Music_Player.framework */,
			);
			name = Frameworks;
			sourceTree = "<group>";
		};
		EDAEF11C26C43927001D3C8E /* Charts */ = {
			isa = PBXGroup;
			children = (
				EDAEF11F26C4396A001D3C8E /* Legend.swift */,
				EDAEF12126C43997001D3C8E /* Line.swift */,
				EDAEF12326C439C6001D3C8E /* LineChartView.swift */,
				EDAEF12526C439E0001D3C8E /* LineView.swift */,
				EDAEF12726C43A20001D3C8E /* MagnifierRect.swift */,
				EDAEF12926C43A3F001D3C8E /* MultiLineChartView.swift */,
				EDAEF12B26C43A97001D3C8E /* Path+QuadCurve.swift */,
				EDAEF12D26C43AB3001D3C8E /* Helpers.swift */,
			);
			path = Charts;
			sourceTree = "<group>";
		};
		EDB6619626C484CC001722A7 /* CustomFont */ = {
			isa = PBXGroup;
			children = (
				EDAEF11D26C43948001D3C8E /* IndicatorPoint.swift */,
				EDB661A826C484FC001722A7 /* fontsme.com.url */,
				EDB6619926C484FA001722A7 /*  FuturePTBold */,
				EDB661A126C484FB001722A7 /* FuturaPTBoldOblique.otf */,
				EDB6619E26C484FB001722A7 /* FuturaPTBook.otf */,
				EDB661A226C484FC001722A7 /* FuturaPTBookOblique.otf */,
				EDB6619B26C484FA001722A7 /* FuturaPTCondBold.otf */,
				EDB661A326C484FC001722A7 /* FuturaPTCondBoldOblique.otf */,
				EDB661A726C484FC001722A7 /* FuturaPTCondBook.otf */,
				EDB6619D26C484FB001722A7 /* FuturaPTCondBookOblique.otf */,
				EDB661AD26C484FD001722A7 /* FuturaPTCondExtraBold.otf */,
				EDB661AA26C484FD001722A7 /* FuturaPTCondExtraBoldOblique.otf */,
				EDB661AB26C484FD001722A7 /* FuturaPTCondMedium.otf */,
				EDB6619C26C484FB001722A7 /* FuturaPTCondMediumOblique.otf */,
				EDB6619826C484FA001722A7 /* FuturaPTDemi.otf */,
				EDB6619F26C484FB001722A7 /* FuturaPTDemiOblique.otf */,
				EDB661A026C484FB001722A7 /* FuturaPTExtraBold.otf */,
				EDB6619A26C484FA001722A7 /* FuturaPTExtraBoldOblique.otf */,
				EDB661A426C484FC001722A7 /* FuturaPTHeavy.otf */,
				EDB661A526C484FC001722A7 /* FuturaPTHeavyOblique.otf */,
				EDB6619726C484FA001722A7 /* FuturaPTLight.otf */,
				EDB661A926C484FD001722A7 /* FuturaPTLightOblique.otf */,
				EDB661A626C484FC001722A7 /* FuturaPTMedium.otf */,
				EDB661AC26C484FD001722A7 /* FuturaPTMediumOblique.otf */,
			);
			path = CustomFont;
			sourceTree = "<group>";
		};
		EDB661C526C5710E001722A7 /* Network */ = {
			isa = PBXGroup;
			children = (
				EDB661C626C57124001722A7 /* NetworkManager.swift */,
			);
			path = Network;
			sourceTree = "<group>";
		};
		EDBF70E5267186BA00CF2D97 /* Introspect */ = {
			isa = PBXGroup;
			children = (
				EDBF70E6267186BA00CF2D97 /* ViewExtensions.swift */,
				EDBF70E7267186BA00CF2D97 /* UIKitIntrospectionViewController.swift */,
				EDBF70E8267186BA00CF2D97 /* AppKitIntrospectionView.swift */,
				EDBF70E9267186BA00CF2D97 /* Introspect.h */,
				EDBF70EA267186BA00CF2D97 /* UIKitIntrospectionView.swift */,
				EDBF70EC267186BA00CF2D97 /* Introspect.swift */,
			);
			path = Introspect;
			sourceTree = "<group>";
		};
/* End PBXGroup section */

/* Begin PBXNativeTarget section */
		ED15AF97266CD2D10023A5C3 /* Bopp Music Player */ = {
			isa = PBXNativeTarget;
			buildConfigurationList = ED15AFA7266CD2D30023A5C3 /* Build configuration list for PBXNativeTarget "Bopp Music Player" */;
			buildPhases = (
				37140E421BA56279204CB1C3 /* [CP] Check Pods Manifest.lock */,
				ED15AF94266CD2D10023A5C3 /* Sources */,
				ED15AF95266CD2D10023A5C3 /* Frameworks */,
				ED15AF96266CD2D10023A5C3 /* Resources */,
				C5123C8B2423E2A4DC37E651 /* [CP] Embed Pods Frameworks */,
			);
			buildRules = (
			);
			dependencies = (
			);
			name = "Bopp Music Player";
			packageProductDependencies = (
				ED42F05A26B9CCD40084E6D1 /* AlertX */,
				ED60540026BEFD2800384202 /* WKView */,
				EDAEF11826C3FC57001D3C8E /* SwiftUICharts */,
				EDB661CB26C5B8A5001722A7 /* Shiny */,
			);
			productName = "Bopp Music Player";
			productReference = ED15AF98266CD2D10023A5C3 /* Bopp Music Player.app */;
			productType = "com.apple.product-type.application";
		};
/* End PBXNativeTarget section */

/* Begin PBXProject section */
		ED15AF90266CD2D10023A5C3 /* Project object */ = {
			isa = PBXProject;
			attributes = {
				LastSwiftUpdateCheck = 1250;
				LastUpgradeCheck = 1250;
				TargetAttributes = {
					ED15AF97266CD2D10023A5C3 = {
						CreatedOnToolsVersion = 12.5;
					};
				};
			};
			buildConfigurationList = ED15AF93266CD2D10023A5C3 /* Build configuration list for PBXProject "Bopp Music Player" */;
			compatibilityVersion = "Xcode 9.3";
			developmentRegion = en;
			hasScannedForEncodings = 0;
			knownRegions = (
				en,
				Base,
			);
			mainGroup = ED15AF8F266CD2D10023A5C3;
			packageReferences = (
				ED42F05926B9CCD40084E6D1 /* XCRemoteSwiftPackageReference "AlertX" */,
				ED6053FF26BEFD2800384202 /* XCRemoteSwiftPackageReference "WKView" */,
				EDAEF11726C3FC57001D3C8E /* XCRemoteSwiftPackageReference "ChartView" */,
				EDB661CA26C5B8A4001722A7 /* XCRemoteSwiftPackageReference "shiny" */,
			);
			productRefGroup = ED15AF99266CD2D10023A5C3 /* Products */;
			projectDirPath = "";
			projectRoot = "";
			targets = (
				ED15AF97266CD2D10023A5C3 /* Bopp Music Player */,
			);
		};
/* End PBXProject section */

/* Begin PBXResourcesBuildPhase section */
		ED15AF96266CD2D10023A5C3 /* Resources */ = {
			isa = PBXResourcesBuildPhase;
			buildActionMask = 2147483647;
			files = (
				ED599B31267E385E00AC667E /* Launch Screen.storyboard in Resources */,
				EDB661C126C484FD001722A7 /* FuturaPTCondExtraBoldOblique.otf in Resources */,
				EDB661BD26C484FD001722A7 /* FuturaPTMedium.otf in Resources */,
				EDB661AF26C484FD001722A7 /* FuturaPTDemi.otf in Resources */,
				EDB661B126C484FD001722A7 /* FuturaPTExtraBoldOblique.otf in Resources */,
				EDB661C326C484FD001722A7 /* FuturaPTMediumOblique.otf in Resources */,
				ED15AFA3266CD2D30023A5C3 /* Preview Assets.xcassets in Resources */,
				EDB661B926C484FD001722A7 /* FuturaPTBookOblique.otf in Resources */,
				ED15AFA0266CD2D30023A5C3 /* Assets.xcassets in Resources */,
				EDB661B426C484FD001722A7 /* FuturaPTCondBookOblique.otf in Resources */,
				EDB661AE26C484FD001722A7 /* FuturaPTLight.otf in Resources */,
				EDB661C026C484FD001722A7 /* FuturaPTLightOblique.otf in Resources */,
				EDB661BB26C484FD001722A7 /* FuturaPTHeavy.otf in Resources */,
				ED6ED20026BC875C007BA432 /* Key.json in Resources */,
				EDB661BC26C484FD001722A7 /* FuturaPTHeavyOblique.otf in Resources */,
				EDB661B226C484FD001722A7 /* FuturaPTCondBold.otf in Resources */,
				EDB661BE26C484FD001722A7 /* FuturaPTCondBook.otf in Resources */,
				ED77113D26CE973A00147669 /* GoogleService-Info.plist in Resources */,
				EDB661B626C484FD001722A7 /* FuturaPTDemiOblique.otf in Resources */,
				EDB661C426C484FD001722A7 /* FuturaPTCondExtraBold.otf in Resources */,
				EDB661BA26C484FD001722A7 /* FuturaPTCondBoldOblique.otf in Resources */,
				EDB661B526C484FD001722A7 /* FuturaPTBook.otf in Resources */,
				ED15AFB4266CD4A30023A5C3 /* landmarkData.json in Resources */,
				ED38B0A7267D9D480024FC7A /* Coming.mp4 in Resources */,
				EDB661B026C484FD001722A7 /*  FuturePTBold in Resources */,
				EDB661BF26C484FD001722A7 /* fontsme.com.url in Resources */,
				EDB661B826C484FD001722A7 /* FuturaPTBoldOblique.otf in Resources */,
				EDB661C226C484FD001722A7 /* FuturaPTCondMedium.otf in Resources */,
				EDB661B726C484FD001722A7 /* FuturaPTExtraBold.otf in Resources */,
				EDB661B326C484FD001722A7 /* FuturaPTCondMediumOblique.otf in Resources */,
			);
			runOnlyForDeploymentPostprocessing = 0;
		};
/* End PBXResourcesBuildPhase section */

/* Begin PBXShellScriptBuildPhase section */
		37140E421BA56279204CB1C3 /* [CP] Check Pods Manifest.lock */ = {
			isa = PBXShellScriptBuildPhase;
			buildActionMask = 2147483647;
			files = (
			);
			inputFileListPaths = (
			);
			inputPaths = (
				"${PODS_PODFILE_DIR_PATH}/Podfile.lock",
				"${PODS_ROOT}/Manifest.lock",
			);
			name = "[CP] Check Pods Manifest.lock";
			outputFileListPaths = (
			);
			outputPaths = (
				"$(DERIVED_FILE_DIR)/Pods-Bopp Music Player-checkManifestLockResult.txt",
			);
			runOnlyForDeploymentPostprocessing = 0;
			shellPath = /bin/sh;
			shellScript = "diff \"${PODS_PODFILE_DIR_PATH}/Podfile.lock\" \"${PODS_ROOT}/Manifest.lock\" > /dev/null\nif [ $? != 0 ] ; then\n    # print error to STDERR\n    echo \"error: The sandbox is not in sync with the Podfile.lock. Run 'pod install' or update your CocoaPods installation.\" >&2\n    exit 1\nfi\n# This output is used by Xcode 'outputs' to avoid re-running this script phase.\necho \"SUCCESS\" > \"${SCRIPT_OUTPUT_FILE_0}\"\n";
			showEnvVarsInLog = 0;
		};
		C5123C8B2423E2A4DC37E651 /* [CP] Embed Pods Frameworks */ = {
			isa = PBXShellScriptBuildPhase;
			buildActionMask = 2147483647;
			files = (
			);
			inputFileListPaths = (
				"${PODS_ROOT}/Target Support Files/Pods-Bopp Music Player/Pods-Bopp Music Player-frameworks-${CONFIGURATION}-input-files.xcfilelist",
			);
			name = "[CP] Embed Pods Frameworks";
			outputFileListPaths = (
				"${PODS_ROOT}/Target Support Files/Pods-Bopp Music Player/Pods-Bopp Music Player-frameworks-${CONFIGURATION}-output-files.xcfilelist",
			);
			runOnlyForDeploymentPostprocessing = 0;
			shellPath = /bin/sh;
			shellScript = "\"${PODS_ROOT}/Target Support Files/Pods-Bopp Music Player/Pods-Bopp Music Player-frameworks.sh\"\n";
			showEnvVarsInLog = 0;
		};
/* End PBXShellScriptBuildPhase section */

/* Begin PBXSourcesBuildPhase section */
		ED15AF94266CD2D10023A5C3 /* Sources */ = {
			isa = PBXSourcesBuildPhase;
			buildActionMask = 2147483647;
			files = (
				EDBF70F2267186BA00CF2D97 /* Introspect.swift in Sources */,
				ED15AF9E266CD2D10023A5C3 /* ContentView.swift in Sources */,
				ED2862C926C088DD0086DDE3 /* MarketCap.swift in Sources */,
				EDAEF11E26C43948001D3C8E /* IndicatorPoint.swift in Sources */,
				ED15AFB7266CD4D40023A5C3 /* ModelData.swift in Sources */,
				EDBF70EE267186BA00CF2D97 /* UIKitIntrospectionViewController.swift in Sources */,
				EDAEF12026C4396A001D3C8E /* Legend.swift in Sources */,
				EDB6619526C45C47001722A7 /* SettingsStore.swift in Sources */,
				ED9597C5267AE14F004AA17E /* CloudKitTest.swift in Sources */,
				ED8521C626838EBF003BAE94 /* ViewControllerResolver.swift in Sources */,
				EDBF70F0267186BA00CF2D97 /* UIKitIntrospectionView.swift in Sources */,
				ED15AFB0266CD3660023A5C3 /* MusicPlayerViewModel.swift in Sources */,
				EDAEF12426C439C6001D3C8E /* LineChartView.swift in Sources */,
				EDDF0FC6267FA80B00AF7C97 /* LoginViewModel.swift in Sources */,
				EDAEF12E26C43AB3001D3C8E /* Helpers.swift in Sources */,
				ED15AFC5266CDE430023A5C3 /* VideoPlayerView.swift in Sources */,
				ED15AF9C266CD2D10023A5C3 /* Bopp_Music_PlayerApp.swift in Sources */,
				ED15AFBB266CD51E0023A5C3 /* Home.swift in Sources */,
				ED4D2DA426812F33001A456B /* SignInCryptoWallet.swift in Sources */,
				EDDF0FCA267FAA7F00AF7C97 /* Logout.swift in Sources */,
				EDED47B326C0CBD5003DB2B6 /* WalletView.swift in Sources */,
				ED15AFBD266CD5930023A5C3 /* MusicListView.swift in Sources */,
				EDAEF12A26C43A3F001D3C8E /* MultiLineChartView.swift in Sources */,
				EDB661C926C5B125001722A7 /* CardViewed.swift in Sources */,
				ED38B0A5267D9A570024FC7A /* Coming.swift in Sources */,
				ED8521C82684AD40003BAE94 /* Control.swift in Sources */,
				EDDF0FC8267FA83400AF7C97 /* Login.swift in Sources */,
				ED15AFC3266CDBB60023A5C3 /* BlurView.swift in Sources */,
				EDBF70ED267186BA00CF2D97 /* ViewExtensions.swift in Sources */,
				EDAEF13226C459AA001D3C8E /* SettingsView.swift in Sources */,
				ED15AFCC266CE1B90023A5C3 /* Miniplayer.swift in Sources */,
				ED6053FE26BEFC5E00384202 /* WebView.swift in Sources */,
				ED8521C526838EBF003BAE94 /* SearchBar.swift in Sources */,
				EDBF70F4267247F300CF2D97 /* AirPlayView.swift in Sources */,
				EDBF70E42671818A00CF2D97 /* TabBar.swift in Sources */,
				EDAEF12826C43A20001D3C8E /* MagnifierRect.swift in Sources */,
				ED15AFBF266CD78D0023A5C3 /* LandmarkRow.swift in Sources */,
				EDB661C726C57124001722A7 /* NetworkManager.swift in Sources */,
				EDBF70EF267186BA00CF2D97 /* AppKitIntrospectionView.swift in Sources */,
				ED2EC6562673075C00AA0CED /* HapticFeedBack.swift in Sources */,
				EDAEF12C26C43A97001D3C8E /* Path+QuadCurve.swift in Sources */,
				EDD8293926B962AB00F74794 /* GenerateWallet.swift in Sources */,
				EDAEF12626C439E0001D3C8E /* LineView.swift in Sources */,
				EDAEF12226C43997001D3C8E /* Line.swift in Sources */,
				ED46895226821EE800F8D1E3 /* CachingPlayerItem.swift in Sources */,
				EDDF0FCC267FD3C300AF7C97 /* ControlCenter.swift in Sources */,
				EDDD6E80266EBAFB000F9DA5 /* AudioSetup.swift in Sources */,
				ED2862C726C081FA0086DDE3 /* CardView.swift in Sources */,
				ED15AFB9266CD4E40023A5C3 /* Landmark.swift in Sources */,
			);
			runOnlyForDeploymentPostprocessing = 0;
		};
/* End PBXSourcesBuildPhase section */

/* Begin XCBuildConfiguration section */
		ED15AFA5266CD2D30023A5C3 /* Debug */ = {
			isa = XCBuildConfiguration;
			buildSettings = {
				ALWAYS_SEARCH_USER_PATHS = NO;
				CLANG_ANALYZER_NONNULL = YES;
				CLANG_ANALYZER_NUMBER_OBJECT_CONVERSION = YES_AGGRESSIVE;
				CLANG_CXX_LANGUAGE_STANDARD = "gnu++14";
				CLANG_CXX_LIBRARY = "libc++";
				CLANG_ENABLE_MODULES = YES;
				CLANG_ENABLE_OBJC_ARC = YES;
				CLANG_ENABLE_OBJC_WEAK = YES;
				CLANG_WARN_BLOCK_CAPTURE_AUTORELEASING = YES;
				CLANG_WARN_BOOL_CONVERSION = YES;
				CLANG_WARN_COMMA = YES;
				CLANG_WARN_CONSTANT_CONVERSION = YES;
				CLANG_WARN_DEPRECATED_OBJC_IMPLEMENTATIONS = YES;
				CLANG_WARN_DIRECT_OBJC_ISA_USAGE = YES_ERROR;
				CLANG_WARN_DOCUMENTATION_COMMENTS = YES;
				CLANG_WARN_EMPTY_BODY = YES;
				CLANG_WARN_ENUM_CONVERSION = YES;
				CLANG_WARN_INFINITE_RECURSION = YES;
				CLANG_WARN_INT_CONVERSION = YES;
				CLANG_WARN_NON_LITERAL_NULL_CONVERSION = YES;
				CLANG_WARN_OBJC_IMPLICIT_RETAIN_SELF = YES;
				CLANG_WARN_OBJC_LITERAL_CONVERSION = YES;
				CLANG_WARN_OBJC_ROOT_CLASS = YES_ERROR;
				CLANG_WARN_QUOTED_INCLUDE_IN_FRAMEWORK_HEADER = YES;
				CLANG_WARN_RANGE_LOOP_ANALYSIS = YES;
				CLANG_WARN_STRICT_PROTOTYPES = YES;
				CLANG_WARN_SUSPICIOUS_MOVE = YES;
				CLANG_WARN_UNGUARDED_AVAILABILITY = YES_AGGRESSIVE;
				CLANG_WARN_UNREACHABLE_CODE = YES;
				CLANG_WARN__DUPLICATE_METHOD_MATCH = YES;
				COPY_PHASE_STRIP = NO;
				DEBUG_INFORMATION_FORMAT = dwarf;
				ENABLE_STRICT_OBJC_MSGSEND = YES;
				ENABLE_TESTABILITY = YES;
				GCC_C_LANGUAGE_STANDARD = gnu11;
				GCC_DYNAMIC_NO_PIC = NO;
				GCC_NO_COMMON_BLOCKS = YES;
				GCC_OPTIMIZATION_LEVEL = 0;
				GCC_PREPROCESSOR_DEFINITIONS = (
					"DEBUG=1",
					"$(inherited)",
				);
				GCC_WARN_64_TO_32_BIT_CONVERSION = YES;
				GCC_WARN_ABOUT_RETURN_TYPE = YES_ERROR;
				GCC_WARN_UNDECLARED_SELECTOR = YES;
				GCC_WARN_UNINITIALIZED_AUTOS = YES_AGGRESSIVE;
				GCC_WARN_UNUSED_FUNCTION = YES;
				GCC_WARN_UNUSED_VARIABLE = YES;
				IPHONEOS_DEPLOYMENT_TARGET = 14.5;
				MTL_ENABLE_DEBUG_INFO = INCLUDE_SOURCE;
				MTL_FAST_MATH = YES;
				ONLY_ACTIVE_ARCH = YES;
				SDKROOT = iphoneos;
				SWIFT_ACTIVE_COMPILATION_CONDITIONS = DEBUG;
				SWIFT_OPTIMIZATION_LEVEL = "-Onone";
			};
			name = Debug;
		};
		ED15AFA6266CD2D30023A5C3 /* Release */ = {
			isa = XCBuildConfiguration;
			buildSettings = {
				ALWAYS_SEARCH_USER_PATHS = NO;
				CLANG_ANALYZER_NONNULL = YES;
				CLANG_ANALYZER_NUMBER_OBJECT_CONVERSION = YES_AGGRESSIVE;
				CLANG_CXX_LANGUAGE_STANDARD = "gnu++14";
				CLANG_CXX_LIBRARY = "libc++";
				CLANG_ENABLE_MODULES = YES;
				CLANG_ENABLE_OBJC_ARC = YES;
				CLANG_ENABLE_OBJC_WEAK = YES;
				CLANG_WARN_BLOCK_CAPTURE_AUTORELEASING = YES;
				CLANG_WARN_BOOL_CONVERSION = YES;
				CLANG_WARN_COMMA = YES;
				CLANG_WARN_CONSTANT_CONVERSION = YES;
				CLANG_WARN_DEPRECATED_OBJC_IMPLEMENTATIONS = YES;
				CLANG_WARN_DIRECT_OBJC_ISA_USAGE = YES_ERROR;
				CLANG_WARN_DOCUMENTATION_COMMENTS = YES;
				CLANG_WARN_EMPTY_BODY = YES;
				CLANG_WARN_ENUM_CONVERSION = YES;
				CLANG_WARN_INFINITE_RECURSION = YES;
				CLANG_WARN_INT_CONVERSION = YES;
				CLANG_WARN_NON_LITERAL_NULL_CONVERSION = YES;
				CLANG_WARN_OBJC_IMPLICIT_RETAIN_SELF = YES;
				CLANG_WARN_OBJC_LITERAL_CONVERSION = YES;
				CLANG_WARN_OBJC_ROOT_CLASS = YES_ERROR;
				CLANG_WARN_QUOTED_INCLUDE_IN_FRAMEWORK_HEADER = YES;
				CLANG_WARN_RANGE_LOOP_ANALYSIS = YES;
				CLANG_WARN_STRICT_PROTOTYPES = YES;
				CLANG_WARN_SUSPICIOUS_MOVE = YES;
				CLANG_WARN_UNGUARDED_AVAILABILITY = YES_AGGRESSIVE;
				CLANG_WARN_UNREACHABLE_CODE = YES;
				CLANG_WARN__DUPLICATE_METHOD_MATCH = YES;
				COPY_PHASE_STRIP = NO;
				DEBUG_INFORMATION_FORMAT = "dwarf-with-dsym";
				ENABLE_NS_ASSERTIONS = NO;
				ENABLE_STRICT_OBJC_MSGSEND = YES;
				GCC_C_LANGUAGE_STANDARD = gnu11;
				GCC_NO_COMMON_BLOCKS = YES;
				GCC_WARN_64_TO_32_BIT_CONVERSION = YES;
				GCC_WARN_ABOUT_RETURN_TYPE = YES_ERROR;
				GCC_WARN_UNDECLARED_SELECTOR = YES;
				GCC_WARN_UNINITIALIZED_AUTOS = YES_AGGRESSIVE;
				GCC_WARN_UNUSED_FUNCTION = YES;
				GCC_WARN_UNUSED_VARIABLE = YES;
				IPHONEOS_DEPLOYMENT_TARGET = 14.5;
				MTL_ENABLE_DEBUG_INFO = NO;
				MTL_FAST_MATH = YES;
				SDKROOT = iphoneos;
				SWIFT_COMPILATION_MODE = wholemodule;
				SWIFT_OPTIMIZATION_LEVEL = "-O";
				VALIDATE_PRODUCT = YES;
			};
			name = Release;
		};
		ED15AFA8266CD2D30023A5C3 /* Debug */ = {
			isa = XCBuildConfiguration;
			baseConfigurationReference = 21C8385D7B7FFC75B7360D15 /* Pods-Bopp Music Player.debug.xcconfig */;
			buildSettings = {
				ASSETCATALOG_COMPILER_APPICON_NAME = AppIcon;
				ASSETCATALOG_COMPILER_GLOBAL_ACCENT_COLOR_NAME = AccentColor;
				ASSETCATALOG_COMPILER_INCLUDE_ALL_APPICON_ASSETS = YES;
				CODE_SIGN_ENTITLEMENTS = "Bopp Music Player/Bopp Music Player.entitlements";
				CODE_SIGN_IDENTITY = "Apple Development";
				CODE_SIGN_STYLE = Automatic;
				CURRENT_PROJECT_VERSION = 35;
				DEVELOPMENT_ASSET_PATHS = "\"Bopp Music Player/Preview Content\"";
				DEVELOPMENT_TEAM = 8YBV925VBW;
				ENABLE_PREVIEWS = YES;
				INFOPLIST_FILE = "Bopp Music Player/Info.plist";
				IPHONEOS_DEPLOYMENT_TARGET = 14.0;
				LD_RUNPATH_SEARCH_PATHS = (
					"$(inherited)",
					"@executable_path/Frameworks",
				);
				MARKETING_VERSION = 1.3;
				PRODUCT_BUNDLE_IDENTIFIER = "Najim.Bopp-Music-Player";
				PRODUCT_NAME = "$(TARGET_NAME)";
				PROVISIONING_PROFILE_SPECIFIER = "";
				SWIFT_VERSION = 5.0;
				TARGETED_DEVICE_FAMILY = 1;
			};
			name = Debug;
		};
		ED15AFA9266CD2D30023A5C3 /* Release */ = {
			isa = XCBuildConfiguration;
			baseConfigurationReference = 6262C620EF1B4BDE22A153BB /* Pods-Bopp Music Player.release.xcconfig */;
			buildSettings = {
				ASSETCATALOG_COMPILER_APPICON_NAME = AppIcon;
				ASSETCATALOG_COMPILER_GLOBAL_ACCENT_COLOR_NAME = AccentColor;
				ASSETCATALOG_COMPILER_INCLUDE_ALL_APPICON_ASSETS = YES;
				CODE_SIGN_ENTITLEMENTS = "Bopp Music Player/Bopp Music Player.entitlements";
				CODE_SIGN_IDENTITY = "Apple Development";
				CODE_SIGN_STYLE = Automatic;
				CURRENT_PROJECT_VERSION = 35;
				DEVELOPMENT_ASSET_PATHS = "\"Bopp Music Player/Preview Content\"";
				DEVELOPMENT_TEAM = 8YBV925VBW;
				ENABLE_PREVIEWS = YES;
				INFOPLIST_FILE = "Bopp Music Player/Info.plist";
				IPHONEOS_DEPLOYMENT_TARGET = 14.0;
				LD_RUNPATH_SEARCH_PATHS = (
					"$(inherited)",
					"@executable_path/Frameworks",
				);
				MARKETING_VERSION = 1.3;
				PRODUCT_BUNDLE_IDENTIFIER = "Najim.Bopp-Music-Player";
				PRODUCT_NAME = "$(TARGET_NAME)";
				PROVISIONING_PROFILE_SPECIFIER = "";
				SWIFT_VERSION = 5.0;
				TARGETED_DEVICE_FAMILY = 1;
			};
			name = Release;
		};
/* End XCBuildConfiguration section */

/* Begin XCConfigurationList section */
		ED15AF93266CD2D10023A5C3 /* Build configuration list for PBXProject "Bopp Music Player" */ = {
			isa = XCConfigurationList;
			buildConfigurations = (
				ED15AFA5266CD2D30023A5C3 /* Debug */,
				ED15AFA6266CD2D30023A5C3 /* Release */,
			);
			defaultConfigurationIsVisible = 0;
			defaultConfigurationName = Release;
		};
		ED15AFA7266CD2D30023A5C3 /* Build configuration list for PBXNativeTarget "Bopp Music Player" */ = {
			isa = XCConfigurationList;
			buildConfigurations = (
				ED15AFA8266CD2D30023A5C3 /* Debug */,
				ED15AFA9266CD2D30023A5C3 /* Release */,
			);
			defaultConfigurationIsVisible = 0;
			defaultConfigurationName = Release;
		};
/* End XCConfigurationList section */

/* Begin XCRemoteSwiftPackageReference section */
		ED42F05926B9CCD40084E6D1 /* XCRemoteSwiftPackageReference "AlertX" */ = {
			isa = XCRemoteSwiftPackageReference;
			repositoryURL = "https://github.com/neel-makhecha/AlertX.git";
			requirement = {
				kind = upToNextMajorVersion;
				minimumVersion = 1.2.1;
			};
		};
		ED6053FF26BEFD2800384202 /* XCRemoteSwiftPackageReference "WKView" */ = {
			isa = XCRemoteSwiftPackageReference;
			repositoryURL = "https://github.com/rebeloper/WKView.git";
			requirement = {
				kind = upToNextMajorVersion;
				minimumVersion = 0.1.6;
			};
		};
		EDAEF11726C3FC57001D3C8E /* XCRemoteSwiftPackageReference "ChartView" */ = {
			isa = XCRemoteSwiftPackageReference;
			repositoryURL = "https://github.com/AppPear/ChartView";
			requirement = {
				kind = upToNextMajorVersion;
				minimumVersion = 1.5.5;
			};
		};
		EDB661CA26C5B8A4001722A7 /* XCRemoteSwiftPackageReference "shiny" */ = {
			isa = XCRemoteSwiftPackageReference;
			repositoryURL = "https://github.com/maustinstar/shiny";
			requirement = {
				kind = upToNextMajorVersion;
				minimumVersion = 0.0.1;
			};
		};
/* End XCRemoteSwiftPackageReference section */

/* Begin XCSwiftPackageProductDependency section */
		ED42F05A26B9CCD40084E6D1 /* AlertX */ = {
			isa = XCSwiftPackageProductDependency;
			package = ED42F05926B9CCD40084E6D1 /* XCRemoteSwiftPackageReference "AlertX" */;
			productName = AlertX;
		};
		ED60540026BEFD2800384202 /* WKView */ = {
			isa = XCSwiftPackageProductDependency;
			package = ED6053FF26BEFD2800384202 /* XCRemoteSwiftPackageReference "WKView" */;
			productName = WKView;
		};
		EDAEF11826C3FC57001D3C8E /* SwiftUICharts */ = {
			isa = XCSwiftPackageProductDependency;
			package = EDAEF11726C3FC57001D3C8E /* XCRemoteSwiftPackageReference "ChartView" */;
			productName = SwiftUICharts;
		};
		EDB661CB26C5B8A5001722A7 /* Shiny */ = {
			isa = XCSwiftPackageProductDependency;
			package = EDB661CA26C5B8A4001722A7 /* XCRemoteSwiftPackageReference "shiny" */;
			productName = Shiny;
		};
/* End XCSwiftPackageProductDependency section */
	};
	rootObject = ED15AF90266CD2D10023A5C3 /* Project object */;
}
